
Microsoft Visual Studio Solution File, Format Version 12.00
# Visual Studio Version 17
VisualStudioVersion = 17.10.34916.146
MinimumVisualStudioVersion = 10.0.40219.1
Project("{FAE04EC0-301F-11D3-BF4B-00C04F79EFBC}") = "CLINICA_API", "CLINICA_API.csproj", "{8ABE81FB-CAFD-4099-A8AC-08DC647B1CE7}"
EndProject
Global
	GlobalSection(SolutionConfigurationPlatforms) = preSolution
		Debug|Any CPU = Debug|Any CPU
		Release|Any CPU = Release|Any CPU
	EndGlobalSection
	GlobalSection(ProjectConfigurationPlatforms) = postSolution
		{8ABE81FB-CAFD-4099-A8AC-08DC647B1CE7}.Debug|Any CPU.ActiveCfg = Debug|Any CPU
		{8ABE81FB-CAFD-4099-A8AC-08DC647B1CE7}.Debug|Any CPU.Build.0 = Debug|Any CPU
		{8ABE81FB-CAFD-4099-A8AC-08DC647B1CE7}.Release|Any CPU.ActiveCfg = Release|Any CPU
		{8ABE81FB-CAFD-4099-A8AC-08DC647B1CE7}.Release|Any CPU.Build.0 = Release|Any CPU
	EndGlobalSection
	GlobalSection(SolutionProperties) = preSolution
		HideSolutionNode = FALSE
	EndGlobalSection
	GlobalSection(ExtensibilityGlobals) = postSolution
		SolutionGuid = {CAE77115-1D4C-4962-BFB1-92EE33F39367}
	EndGlobalSection
EndGlobal
